{
  "nodes": {
    "flake-compat": {
      "locked": {
        "lastModified": 1733328505,
        "narHash": "sha256-NeCCThCEP3eCl2l/+27kNNK7QrwZB1IJCrXfrbv5oqU=",
        "owner": "edolstra",
        "repo": "flake-compat",
        "rev": "ff81ac966bb2cae68946d5ed5fc4994f96d0ffec",
        "type": "github"
      },
      "original": {
        "owner": "edolstra",
        "repo": "flake-compat",
        "type": "github"
      }
    },
    "get-flake": {
      "inputs": {
        "flake-compat": "flake-compat"
      },
      "locked": {
        "lastModified": 1745945175,
        "narHash": "sha256-JGDbJRl5v1snA4JX+yp6m3UA6Mazr59Hrgz+UhhP91M=",
        "owner": "ursi",
        "repo": "get-flake",
        "rev": "38401aa2b3a99c77d0c02727471e99e7de2fc366",
        "type": "github"
      },
      "original": {
        "owner": "ursi",
        "repo": "get-flake",
        "type": "github"
      }
    },
    "root": {
      "inputs": {
        "get-flake": "get-flake"
      }
    }
  },
  "root": "root",
  "version": 7
}
