{
  "nodes": {
    "FlatColor": {
      "flake": false,
      "locked": {
        "lastModified": 1717811859,
        "narHash": "sha256-AQk06ttE/M5kSMdNAtBGknBnJtfjDUFVGhySJv4JEVE=",
        "owner": "soenkehahn",
        "repo": "FlatColor",
        "rev": "5ae753f2a573f1f61780903a6b0d9493f61ec90c",
        "type": "github"
      },
      "original": {
        "owner": "soenkehahn",
        "ref": "sh",
        "repo": "FlatColor",
        "type": "github"
      }
    },
    "atuin": {
      "inputs": {
        "fenix": "fenix",
        "flake-compat": "flake-compat",
        "flake-utils": [
          "flake-utils"
        ],
        "nixpkgs": [
          "nixpkgs"
        ]
      },
      "locked": {
        "lastModified": 1735314878,
        "narHash": "sha256-P/q4XYhpXo9kwiltA0F+rQNSlqI+s8TSi5v5lFJWJ/4=",
        "owner": "atuinsh",
        "repo": "atuin",
        "rev": "dc7c26a640b1a134528caa894b3339c443b917b4",
        "type": "github"
      },
      "original": {
        "owner": "atuinsh",
        "ref": "v18.4.0",
        "repo": "atuin",
        "type": "github"
      }
    },
    "base16-alacritty": {
      "flake": false,
      "locked": {
        "lastModified": 1727574278,
        "narHash": "sha256-Z2z7bFOBPauNEMFEA/5F6kdahTTypMt9JFTQ7yZkY6Y=",
        "owner": "tinted-theming",
        "repo": "base16-alacritty",
        "rev": "97cd85d428adb491c6f6cf8b96663b1b4fd98561",
        "type": "github"
      },
      "original": {
        "owner": "tinted-theming",
        "repo": "base16-alacritty",
        "type": "github"
      }
    },
    "base16-gtk-flatcolor": {
      "flake": false,
      "locked": {
        "lastModified": 1712450216,
        "narHash": "sha256-Ata863DhcnQJB70iELND3FLWu1GGZ7BK/At9Yak38Jk=",
        "owner": "tinted-theming",
        "repo": "base16-gtk-flatcolor",
        "rev": "d77fd9667ac148fdd649560e04fdc135f543eae0",
        "type": "github"
      },
      "original": {
        "owner": "tinted-theming",
        "repo": "base16-gtk-flatcolor",
        "type": "github"
      }
    },
    "base16-i3": {
      "flake": false,
      "locked": {
        "lastModified": 1719105600,
        "narHash": "sha256-ccdRDVdUDCdYIpgaFZ7CB6kQMtZLSve0E54bRyH+XLE=",
        "owner": "tinted-theming",
        "repo": "base16-i3",
        "rev": "f08f12eea54fa4d2875f6b828a5ac1aa46e44027",
        "type": "github"
      },
      "original": {
        "owner": "tinted-theming",
        "repo": "base16-i3",
        "type": "github"
      }
    },
    "base16-rofi": {
      "flake": false,
      "locked": {
        "lastModified": 1725756568,
        "narHash": "sha256-TvydMwm3iwrtn136e3w7cTsopcAfG5BhBcn+jzfeBXw=",
        "owner": "tinted-theming",
        "repo": "base16-rofi",
        "rev": "3a1ddc189c6cfd966c49b2c2d04cbaca7bb72a99",
        "type": "github"
      },
      "original": {
        "owner": "tinted-theming",
        "repo": "base16-rofi",
        "type": "github"
      }
    },
    "base16-vim": {
      "flake": false,
      "locked": {
        "lastModified": 1742865606,
        "narHash": "sha256-pa/tL778j11FHzS6TTKA96q8EWxAEneeMeXG7kDO0/Q=",
        "owner": "tinted-theming",
        "repo": "base16-vim",
        "rev": "3bca166be9ad02e28934fd6e5c38c31f59cd28fe",
        "type": "github"
      },
      "original": {
        "owner": "tinted-theming",
        "repo": "base16-vim",
        "type": "github"
      }
    },
    "cradle": {
      "inputs": {
        "flake-utils": [
          "flake-utils"
        ],
        "nixpkgs": [
          "nixpkgs"
        ]
      },
      "locked": {
        "lastModified": 1717164253,
        "narHash": "sha256-OiQnrWO78bsM23Gt7rWEoGh0Zeg5CDv+OiraKskjgd8=",
        "owner": "garnix-io",
        "repo": "cradle",
        "rev": "dbad639f4ba132f336588b85089cd1dc0acad4ea",
        "type": "github"
      },
      "original": {
        "owner": "garnix-io",
        "repo": "cradle",
        "type": "github"
      }
    },
    "cradle_2": {
      "inputs": {
        "flake-utils": [
          "set-colortheme",
          "flake-utils"
        ],
        "nixpkgs": [
          "set-colortheme",
          "nixpkgs"
        ]
      },
      "locked": {
        "lastModified": 1717164253,
        "narHash": "sha256-OiQnrWO78bsM23Gt7rWEoGh0Zeg5CDv+OiraKskjgd8=",
        "owner": "garnix-io",
        "repo": "cradle",
        "rev": "dbad639f4ba132f336588b85089cd1dc0acad4ea",
        "type": "github"
      },
      "original": {
        "owner": "garnix-io",
        "repo": "cradle",
        "type": "github"
      }
    },
    "crane": {
      "locked": {
        "lastModified": 1734324364,
        "narHash": "sha256-omYTR59TdH0AumP1cfh49fBnWZ52HjfdNfaLzCMZBx0=",
        "owner": "ipetkov",
        "repo": "crane",
        "rev": "60d7623f1320470bf2fdb92fd2dca1e9a27b98ce",
        "type": "github"
      },
      "original": {
        "owner": "ipetkov",
        "repo": "crane",
        "type": "github"
      }
    },
    "debug-tools": {
      "inputs": {
        "nixpkgs-repo": [
          "nixpkgs"
        ]
      },
      "locked": {
        "lastModified": 1699470454,
        "narHash": "sha256-RKoBzwUDC9ZP5w6vNm7jXXIQ0mTVwU7a8GpOzDgQ+IQ=",
        "owner": "garnix-io",
        "repo": "debug-tools",
        "rev": "8a4026fa6ccbfec070f96d458ffa96e7fb6112e8",
        "type": "github"
      },
      "original": {
        "owner": "garnix-io",
        "repo": "debug-tools",
        "type": "github"
      }
    },
    "fenix": {
      "inputs": {
        "nixpkgs": [
          "atuin",
          "nixpkgs"
        ],
        "rust-analyzer-src": "rust-analyzer-src"
      },
      "locked": {
        "lastModified": 1730356297,
        "narHash": "sha256-pMW/yx6urzUimYdMHLGKRWxu2wmWMd7Dqz9oiGHBi8o=",
        "owner": "nix-community",
        "repo": "fenix",
        "rev": "3a35e2c06a31ff4420639a454eeca4ccdfe69f13",
        "type": "github"
      },
      "original": {
        "owner": "nix-community",
        "repo": "fenix",
        "type": "github"
      }
    },
    "flake-compat": {
      "flake": false,
      "locked": {
        "lastModified": 1696426674,
        "narHash": "sha256-kvjfFW7WAETZlt09AgDn1MrtKzP7t90Vf7vypd3OL1U=",
        "owner": "edolstra",
        "repo": "flake-compat",
        "rev": "0f9255e01c2351cc7d116c072cb317785dd33b33",
        "type": "github"
      },
      "original": {
        "owner": "edolstra",
        "repo": "flake-compat",
        "type": "github"
      }
    },
    "flake-utils": {
      "inputs": {
        "systems": "systems"
      },
      "locked": {
        "lastModified": 1731533236,
        "narHash": "sha256-l0KFg5HjrsfsO/JpG+r7fRrqm12kzFHyUHqHCVpMMbI=",
        "owner": "numtide",
        "repo": "flake-utils",
        "rev": "11707dc2f618dd54ca8739b309ec4fc024de578b",
        "type": "github"
      },
      "original": {
        "owner": "numtide",
        "repo": "flake-utils",
        "type": "github"
      }
    },
    "flake-utils_2": {
      "inputs": {
        "systems": "systems_2"
      },
      "locked": {
        "lastModified": 1694529238,
        "narHash": "sha256-zsNZZGTGnMOf9YpHKJqMSsa0dXbfmxeoJ7xHlrt+xmY=",
        "owner": "numtide",
        "repo": "flake-utils",
        "rev": "ff7b65b44d01cf9ba6a71320833626af21126384",
        "type": "github"
      },
      "original": {
        "owner": "numtide",
        "repo": "flake-utils",
        "type": "github"
      }
    },
    "flake-utils_3": {
      "inputs": {
        "systems": "systems_3"
      },
      "locked": {
        "lastModified": 1694529238,
        "narHash": "sha256-zsNZZGTGnMOf9YpHKJqMSsa0dXbfmxeoJ7xHlrt+xmY=",
        "owner": "numtide",
        "repo": "flake-utils",
        "rev": "ff7b65b44d01cf9ba6a71320833626af21126384",
        "type": "github"
      },
      "original": {
        "owner": "numtide",
        "repo": "flake-utils",
        "type": "github"
      }
    },
    "flake-utils_4": {
      "inputs": {
        "systems": "systems_4"
      },
      "locked": {
        "lastModified": 1731533236,
        "narHash": "sha256-l0KFg5HjrsfsO/JpG+r7fRrqm12kzFHyUHqHCVpMMbI=",
        "owner": "numtide",
        "repo": "flake-utils",
        "rev": "11707dc2f618dd54ca8739b309ec4fc024de578b",
        "type": "github"
      },
      "original": {
        "owner": "numtide",
        "repo": "flake-utils",
        "type": "github"
      }
    },
    "gomod2nix-repo": {
      "inputs": {
        "flake-utils": "flake-utils_3",
        "nixpkgs": "nixpkgs"
      },
      "locked": {
        "lastModified": 1694616124,
        "narHash": "sha256-c49BVhQKw3XDRgt+y+uPAbArtgUlMXCET6VxEBmzHXE=",
        "owner": "nix-community",
        "repo": "gomod2nix",
        "rev": "f95720e89af6165c8c0aa77f180461fe786f3c21",
        "type": "github"
      },
      "original": {
        "owner": "nix-community",
        "repo": "gomod2nix",
        "rev": "f95720e89af6165c8c0aa77f180461fe786f3c21",
        "type": "github"
      }
    },
    "home-manager": {
      "inputs": {
        "nixpkgs": [
          "nixpkgs"
        ]
      },
      "locked": {
        "lastModified": 1747556831,
        "narHash": "sha256-Qb84nbYFFk0DzFeqVoHltS2RodAYY5/HZQKE8WnBDsc=",
        "owner": "nix-community",
        "repo": "home-manager",
        "rev": "d0bbd221482c2713cccb80220f3c9d16a6e20a33",
        "type": "github"
      },
      "original": {
        "owner": "nix-community",
        "ref": "release-25.05",
        "repo": "home-manager",
        "type": "github"
      }
    },
    "i3-pretty-tree": {
      "inputs": {
        "flake-utils": [
          "flake-utils"
        ],
        "nixpkgs": [
          "nixpkgs"
        ]
      },
      "locked": {
        "lastModified": 1694441882,
        "narHash": "sha256-+cbsbR2H2oEAPmwvFW/+YTt4Cj/RL/PhDnRkEfrnbUU=",
        "owner": "soenkehahn",
        "repo": "i3-pretty-tree",
        "rev": "469213713520abb693eeb808fd4e8fed1b6e435f",
        "type": "github"
      },
      "original": {
        "owner": "soenkehahn",
        "repo": "i3-pretty-tree",
        "type": "github"
      }
    },
    "is-cached": {
      "inputs": {
        "flake-utils": "flake-utils_2",
        "gomod2nix-repo": "gomod2nix-repo",
        "nixpkgs": "nixpkgs_2",
        "npmlock2nix-repo": "npmlock2nix-repo"
      },
      "locked": {
        "lastModified": 1698095752,
        "narHash": "sha256-jsHdnTISjnkJ8KWHlZdJOZpM3VgE/1nVLvjG+cQhU+E=",
        "owner": "soenkehahn",
        "repo": "is_cached",
        "rev": "2fdcc0e893c1ad6aeb9ea3511c644e8f757e72b7",
        "type": "github"
      },
      "original": {
        "owner": "soenkehahn",
        "repo": "is_cached",
        "type": "github"
      }
    },
    "jj": {
      "inputs": {
        "flake-utils": "flake-utils_4",
        "nixpkgs": [
          "nixpkgs"
        ],
        "rust-overlay": "rust-overlay"
      },
      "locked": {
        "lastModified": 1746637636,
        "narHash": "sha256-jyhjKppwK+emwLEXtOJKU0f4mPdLzDrQabnHhpyUzmw=",
        "owner": "martinvonz",
        "repo": "jj",
        "rev": "94269d2e7228ff502b2116258e5ae6b3b07ec434",
        "type": "github"
      },
      "original": {
        "owner": "martinvonz",
        "ref": "v0.29.0",
        "repo": "jj",
        "type": "github"
      }
    },
    "nil": {
      "inputs": {
        "flake-utils": [
          "flake-utils"
        ],
        "nixpkgs": [
          "nixpkgs"
        ],
        "rust-overlay": "rust-overlay_2"
      },
      "locked": {
        "lastModified": 1741118843,
        "narHash": "sha256-ggXU3RHv6NgWw+vc+HO4/9n0GPufhTIUjVuLci8Za8c=",
        "owner": "oxalica",
        "repo": "nil",
        "rev": "577d160da311cc7f5042038456a0713e9863d09e",
        "type": "github"
      },
      "original": {
        "owner": "oxalica",
        "repo": "nil",
        "type": "github"
      }
    },
    "nixpkgs": {
      "locked": {
        "lastModified": 1658285632,
        "narHash": "sha256-zRS5S/hoeDGUbO+L95wXG9vJNwsSYcl93XiD0HQBXLk=",
        "owner": "NixOS",
        "repo": "nixpkgs",
        "rev": "5342fc6fb59d0595d26883c3cadff16ce58e44f3",
        "type": "github"
      },
      "original": {
        "owner": "NixOS",
        "ref": "master",
        "repo": "nixpkgs",
        "type": "github"
      }
    },
    "nixpkgs_2": {
      "locked": {
        "lastModified": 1697912416,
        "narHash": "sha256-2MLnJ9vLbiSyfA+mYHPdN76qAOfacJw/dX/sSiYdo2o=",
        "owner": "NixOS",
        "repo": "nixpkgs",
        "rev": "21443a102b1a2f037d02e1d22e3e0ffdda2dbff9",
        "type": "github"
      },
      "original": {
        "owner": "NixOS",
        "repo": "nixpkgs",
        "rev": "21443a102b1a2f037d02e1d22e3e0ffdda2dbff9",
        "type": "github"
      }
    },
    "nixpkgs_3": {
      "locked": {
        "lastModified": 1747825515,
        "narHash": "sha256-BWpMQymVI73QoKZdcVCxUCCK3GNvr/xa2Dc4DM1o2BE=",
        "owner": "nixos",
        "repo": "nixpkgs",
        "rev": "cd2812de55cf87df88a9e09bf3be1ce63d50c1a6",
        "type": "github"
      },
      "original": {
        "owner": "nixos",
        "ref": "nixos-25.05",
        "repo": "nixpkgs",
        "type": "github"
      }
    },
    "nixpkgs_older": {
      "locked": {
        "lastModified": 1704290814,
        "narHash": "sha256-LWvKHp7kGxk/GEtlrGYV68qIvPHkU9iToomNFGagixU=",
        "owner": "nixos",
        "repo": "nixpkgs",
        "rev": "70bdadeb94ffc8806c0570eb5c2695ad29f0e421",
        "type": "github"
      },
      "original": {
        "owner": "nixos",
        "ref": "nixos-23.05",
        "repo": "nixpkgs",
        "type": "github"
      }
    },
    "npmlock2nix-repo": {
      "flake": false,
      "locked": {
        "lastModified": 1673447413,
        "narHash": "sha256-sJM82Sj8yfQYs9axEmGZ9Evzdv/kDcI9sddqJ45frrU=",
        "owner": "nix-community",
        "repo": "npmlock2nix",
        "rev": "9197bbf397d76059a76310523d45df10d2e4ca81",
        "type": "github"
      },
      "original": {
        "owner": "nix-community",
        "repo": "npmlock2nix",
        "rev": "9197bbf397d76059a76310523d45df10d2e4ca81",
        "type": "github"
      }
    },
    "porc": {
      "inputs": {
        "crane": "crane",
        "flake-utils": [
          "flake-utils"
        ],
        "nixpkgs": [
          "nixpkgs"
        ]
      },
      "locked": {
        "lastModified": 1741034740,
        "narHash": "sha256-byNJ12Zn0WiDFT5ua2CTn5AH18G8jnQn/tatNZeaiWM=",
        "owner": "soenkehahn",
        "repo": "porc",
        "rev": "3f14963edbcd220095f75617b51d19b63a380330",
        "type": "github"
      },
      "original": {
        "owner": "soenkehahn",
        "repo": "porc",
        "type": "github"
      }
    },
    "root": {
      "inputs": {
        "atuin": "atuin",
        "cradle": "cradle",
        "debug-tools": "debug-tools",
        "flake-utils": "flake-utils",
        "home-manager": "home-manager",
        "i3-pretty-tree": "i3-pretty-tree",
        "is-cached": "is-cached",
        "jj": "jj",
        "nil": "nil",
        "nixpkgs": "nixpkgs_3",
        "nixpkgs_older": "nixpkgs_older",
        "porc": "porc",
        "set-colortheme": "set-colortheme",
        "sway-switch-outputs": "sway-switch-outputs"
      }
    },
    "rust-analyzer-src": {
      "flake": false,
      "locked": {
        "lastModified": 1730315096,
        "narHash": "sha256-Kvve0NSLliNl1cv7qLSPdVWqLUEeAq0aZGsMeV632Cg=",
        "owner": "rust-lang",
        "repo": "rust-analyzer",
        "rev": "8244f30eff828355f5ec92b2307c216d10caa25b",
        "type": "github"
      },
      "original": {
        "owner": "rust-lang",
        "ref": "nightly",
        "repo": "rust-analyzer",
        "type": "github"
      }
    },
    "rust-overlay": {
      "inputs": {
        "nixpkgs": [
          "jj",
          "nixpkgs"
        ]
      },
      "locked": {
        "lastModified": 1744252416,
        "narHash": "sha256-Vrs2GxaL0tLi9GCIUrutHgPSr+g7GYCetu7argsNrB4=",
        "owner": "oxalica",
        "repo": "rust-overlay",
        "rev": "2af83121f9d2c5281796e60e2b048906a84b9fac",
        "type": "github"
      },
      "original": {
        "owner": "oxalica",
        "repo": "rust-overlay",
        "type": "github"
      }
    },
    "rust-overlay_2": {
      "inputs": {
        "nixpkgs": [
          "nil",
          "nixpkgs"
        ]
      },
      "locked": {
        "lastModified": 1741055476,
        "narHash": "sha256-52vwEV0oS2lCnx3c/alOFGglujZTLmObit7K8VblnS8=",
        "owner": "oxalica",
        "repo": "rust-overlay",
        "rev": "aefb7017d710f150970299685e8d8b549d653649",
        "type": "github"
      },
      "original": {
        "owner": "oxalica",
        "repo": "rust-overlay",
        "type": "github"
      }
    },
    "schemes": {
      "flake": false,
      "locked": {
        "lastModified": 1713388094,
        "narHash": "sha256-wcotm0Ek2ISn8iJBzEujJQdcPLKWrPAOZ/dS/DLKafw=",
        "owner": "tinted-theming",
        "repo": "schemes",
        "rev": "abcf2a055ae69f1bf047463332f83db3125aa8a5",
        "type": "github"
      },
      "original": {
        "owner": "tinted-theming",
        "repo": "schemes",
        "type": "github"
      }
    },
    "set-colortheme": {
      "inputs": {
        "FlatColor": "FlatColor",
        "base16-alacritty": "base16-alacritty",
        "base16-gtk-flatcolor": "base16-gtk-flatcolor",
        "base16-i3": "base16-i3",
        "base16-rofi": "base16-rofi",
        "base16-vim": "base16-vim",
        "cradle": "cradle_2",
        "flake-utils": [
          "flake-utils"
        ],
        "nixpkgs": [
          "nixpkgs"
        ],
        "schemes": "schemes"
      },
      "locked": {
        "lastModified": 1744304261,
        "narHash": "sha256-jx17G2Ba4sMh42yoP4zjMW2squKXenMGDAvITwT/Q3I=",
        "owner": "soenkehahn",
        "repo": "set-colortheme",
        "rev": "6a5abf4dae3c94a99fed899ec2949448ec6d6f8f",
        "type": "github"
      },
      "original": {
        "owner": "soenkehahn",
        "repo": "set-colortheme",
        "type": "github"
      }
    },
    "sway-switch-outputs": {
      "inputs": {
        "flake-utils": [
          "flake-utils"
        ],
        "nixpkgs": [
          "nixpkgs"
        ]
      },
      "locked": {
        "lastModified": 1693159647,
        "narHash": "sha256-5IhvTwtL6wS8XFxTHS20a4FSwLV5aTAMivt06+2HpqY=",
        "owner": "soenkehahn",
        "repo": "sway-switch-outputs",
        "rev": "bc6fc3cb52cf7c7cbee442dfcd9d4d8866fa820b",
        "type": "github"
      },
      "original": {
        "owner": "soenkehahn",
        "repo": "sway-switch-outputs",
        "type": "github"
      }
    },
    "systems": {
      "locked": {
        "lastModified": 1681028828,
        "narHash": "sha256-Vy1rq5AaRuLzOxct8nz4T6wlgyUR7zLU309k9mBC768=",
        "owner": "nix-systems",
        "repo": "default",
        "rev": "da67096a3b9bf56a91d16901293e51ba5b49a27e",
        "type": "github"
      },
      "original": {
        "owner": "nix-systems",
        "repo": "default",
        "type": "github"
      }
    },
    "systems_2": {
      "locked": {
        "lastModified": 1681028828,
        "narHash": "sha256-Vy1rq5AaRuLzOxct8nz4T6wlgyUR7zLU309k9mBC768=",
        "owner": "nix-systems",
        "repo": "default",
        "rev": "da67096a3b9bf56a91d16901293e51ba5b49a27e",
        "type": "github"
      },
      "original": {
        "owner": "nix-systems",
        "repo": "default",
        "type": "github"
      }
    },
    "systems_3": {
      "locked": {
        "lastModified": 1681028828,
        "narHash": "sha256-Vy1rq5AaRuLzOxct8nz4T6wlgyUR7zLU309k9mBC768=",
        "owner": "nix-systems",
        "repo": "default",
        "rev": "da67096a3b9bf56a91d16901293e51ba5b49a27e",
        "type": "github"
      },
      "original": {
        "owner": "nix-systems",
        "repo": "default",
        "type": "github"
      }
    },
    "systems_4": {
      "locked": {
        "lastModified": 1681028828,
        "narHash": "sha256-Vy1rq5AaRuLzOxct8nz4T6wlgyUR7zLU309k9mBC768=",
        "owner": "nix-systems",
        "repo": "default",
        "rev": "da67096a3b9bf56a91d16901293e51ba5b49a27e",
        "type": "github"
      },
      "original": {
        "owner": "nix-systems",
        "repo": "default",
        "type": "github"
      }
    }
  },
  "root": "root",
  "version": 7
}
